{
  "originHash" : "fd872cf156709daa1f2c87d1fd6723604d3fd11ef31d419639422ab82b0df9ac",
  "pins" : [
    {
      "identity" : "darwinprivateframeworks",
      "kind" : "remoteSourceControl",
      "location" : "https://github.com/OpenSwiftUIProject/DarwinPrivateFrameworks.git",
      "state" : {
        "revision" : "5eb0f26ea5a5bbd5068f6b3daf3a97dd3682b234",
        "version" : "0.0.4"
      }
    },
    {
      "identity" : "socket",
      "kind" : "remoteSourceControl",
      "location" : "https://github.com/OpenSwiftUIProject/Socket.git",
      "state" : {
        "revision" : "e81b4bd0415060e89decb90461cfc117f0e6d8d0",
        "version" : "0.3.3"
      }
    },
    {
      "identity" : "swift-system",
      "kind" : "remoteSourceControl",
      "location" : "https://github.com/apple/swift-system",
      "state" : {
        "revision" : "025bcb1165deab2e20d4eaba79967ce73013f496",
        "version" : "1.2.1"
      }
    }
  ],
  "version" : 3
}
