{
  "originHash" : "5ee9b01a40716bc516a57b981b9883896a56685d2c8ba815a4ad767c3a6c5f76",
  "pins" : [
    {
      "identity" : "darwinprivateframeworks",
      "kind" : "remoteSourceControl",
      "location" : "https://github.com/OpenSwiftUIProject/DarwinPrivateFrameworks.git",
      "state" : {
        "branch" : "main",
        "revision" : "c8683703b2ee456ab1d31cdc3983f25705054269"
      }
    }
  ],
  "version" : 3
}
